{
  "requires": true,
  "lockfileVersion": 1,
  "dependencies": {
    "js-tokens": {
      "version": "4.0.0",
      "resolved": "https://registry.npmjs.org/js-tokens/-/js-tokens-4.0.0.tgz",
      "integrity": "sha512-RdJUflcE3cUzKiMqQgsCu06FPu9UdIJO0beYbPhHN4k6apgJtifcoCtT9bcxOpYBtpD2kCM6Sbzg4CausW/PKQ=="
    },
    "loose-envify": {
      "version": "1.4.0",
      "resolved": "https://registry.npmjs.org/loose-envify/-/loose-envify-1.4.0.tgz",
      "integrity": "sha512-lyuxPGr/Wfhrlem2CL/UcnUc1zcqKAImBDzukY7Y5F/yQiNdko6+fRLevlw1HgMySw7f611UIY408EtxRSoK3Q==",
      "requires": {
        "js-tokens": "^3.0.0 || ^4.0.0"
      }
    },
    "popper.js": {
      "version": "1.16.1",
      "resolved": "https://registry.npmjs.org/popper.js/-/popper.js-1.16.1.tgz",
      "integrity": "sha512-Wb4p1J4zyFTbM+u6WuO4XstYx4Ky9Cewe4DWrel7B0w6VVICvPwdOpotjzcf6eD8TsckVnIMNONQyPIUFOUbCQ=="
    },
    "tooltip.js": {
      "version": "1.3.3",
      "resolved": "https://registry.npmjs.org/tooltip.js/-/tooltip.js-1.3.3.tgz",
      "integrity": "sha512-XWWuy/dBdF/F/YpRE955yqBZ4VdLfiTAUdOqoU+wJm6phJlMpEzl/iYHZ+qJswbeT9VG822bNfsETF9wzmoy5A==",
      "requires": {
        "popper.js": "^1.0.2"
      }
    },
    "v-tooltip": {
      "version": "2.0.0-beta.1",
      "resolved": "https://registry.npmjs.org/v-tooltip/-/v-tooltip-2.0.0-beta.1.tgz",
      "integrity": "sha1-nQmk6pYFTr/iaL8LUMeEX9XWS1s=",
      "requires": {
        "tooltip.js": "^1.1.2"
      }
    },
    "vue": {
      "version": "2.6.11",
      "resolved": "https://registry.npmjs.org/vue/-/vue-2.6.11.tgz",
      "integrity": "sha512-VfPwgcGABbGAue9+sfrD4PuwFar7gPb1yl1UK1MwXoQPAw0BKSqWfoYCT/ThFrdEVWoI51dBuyCoiNU9bZDZxQ=="
    },
    "vue-clickaway": {
      "version": "2.2.2",
      "resolved": "https://registry.npmjs.org/vue-clickaway/-/vue-clickaway-2.2.2.tgz",
      "integrity": "sha512-25SpjXKetL06GLYoLoC8pqAV6Cur9cQ//2g35GRFBV4FgoljbZZjTINR8g2NuVXXDMLSUXaKx5dutgO4PaDE7A==",
      "requires": {
        "loose-envify": "^1.2.0"
      }
    },
    "vue-fab": {
      "version": "2.3.1",
      "resolved": "https://registry.npmjs.org/vue-fab/-/vue-fab-2.3.1.tgz",
      "integrity": "sha512-suC4T0gfvDussE1HQ5+ts8D4VknKTiKJqZqDXCtaAc5ithkZYDk5HN7+qS/Svoj2GTaJc3jpG91aLWUgdd+YUw==",
      "requires": {
        "v-tooltip": "2.0.0-beta.1",
        "vue": "^2.2.1",
        "vue-clickaway": "^2.1.0",
        "vue-ripple-directive": "^1.0.0"
      }
    },
    "vue-ripple-directive": {
      "version": "1.1.1",
      "resolved": "https://registry.npmjs.org/vue-ripple-directive/-/vue-ripple-directive-1.1.1.tgz",
      "integrity": "sha512-W25CDdrgopuRdAwmjEeBtmJMTvbHkoze7jn8qWVwLHXBj8yBRZc05O4OCTYqjwZLO1hrclMQ467wahb6wbRCZg==",
      "requires": {
        "vue": "^2.2.1"
      }
    }
  }
}
